
Microsoft Visual Studio Solution File, Format Version 12.00
# Visual Studio 15
Project("{FAE04EC0-301F-11D3-BF4B-00C04F79EFBC}") = "ItemObserveApp.Android", "ItemObserveApp.Android\ItemObserveApp.Android.csproj", "{1F626332-120D-4A30-9CAC-E2565B90D67C}"
EndProject
Project("{FAE04EC0-301F-11D3-BF4B-00C04F79EFBC}") = "ItemObserveApp.iOS", "ItemObserveApp.iOS\ItemObserveApp.iOS.csproj", "{5BAF52D0-82B5-4534-A044-742E354EBD75}"
EndProject
Project("{FAE04EC0-301F-11D3-BF4B-00C04F79EFBC}") = "ItemObserveApp", "ItemObserveApp\ItemObserveApp.csproj", "{C6B5AB04-CF5F-407D-89DA-C82B05F48545}"
EndProject
Global
	GlobalSection(SolutionConfigurationPlatforms) = preSolution
		Debug|Any CPU = Debug|Any CPU
		Release|Any CPU = Release|Any CPU
		Debug|iPhoneSimulator = Debug|iPhoneSimulator
		Release|iPhoneSimulator = Release|iPhoneSimulator
		Debug|iPhone = Debug|iPhone
		Release|iPhone = Release|iPhone
	EndGlobalSection
	GlobalSection(ProjectConfigurationPlatforms) = postSolution
		{1F626332-120D-4A30-9CAC-E2565B90D67C}.Debug|Any CPU.ActiveCfg = Debug|Any CPU
		{1F626332-120D-4A30-9CAC-E2565B90D67C}.Debug|Any CPU.Build.0 = Debug|Any CPU
		{1F626332-120D-4A30-9CAC-E2565B90D67C}.Release|Any CPU.ActiveCfg = Release|Any CPU
		{1F626332-120D-4A30-9CAC-E2565B90D67C}.Release|Any CPU.Build.0 = Release|Any CPU
		{1F626332-120D-4A30-9CAC-E2565B90D67C}.Debug|iPhoneSimulator.ActiveCfg = Debug|Any CPU
		{1F626332-120D-4A30-9CAC-E2565B90D67C}.Debug|iPhoneSimulator.Build.0 = Debug|Any CPU
		{1F626332-120D-4A30-9CAC-E2565B90D67C}.Release|iPhoneSimulator.ActiveCfg = Release|Any CPU
		{1F626332-120D-4A30-9CAC-E2565B90D67C}.Release|iPhoneSimulator.Build.0 = Release|Any CPU
		{1F626332-120D-4A30-9CAC-E2565B90D67C}.Debug|iPhone.ActiveCfg = Debug|Any CPU
		{1F626332-120D-4A30-9CAC-E2565B90D67C}.Debug|iPhone.Build.0 = Debug|Any CPU
		{1F626332-120D-4A30-9CAC-E2565B90D67C}.Release|iPhone.ActiveCfg = Release|Any CPU
		{1F626332-120D-4A30-9CAC-E2565B90D67C}.Release|iPhone.Build.0 = Release|Any CPU
		{5BAF52D0-82B5-4534-A044-742E354EBD75}.Debug|Any CPU.ActiveCfg = Debug|iPhoneSimulator
		{5BAF52D0-82B5-4534-A044-742E354EBD75}.Debug|Any CPU.Build.0 = Debug|iPhoneSimulator
		{5BAF52D0-82B5-4534-A044-742E354EBD75}.Release|Any CPU.ActiveCfg = Release|iPhoneSimulator
		{5BAF52D0-82B5-4534-A044-742E354EBD75}.Release|Any CPU.Build.0 = Release|iPhoneSimulator
		{5BAF52D0-82B5-4534-A044-742E354EBD75}.Debug|iPhoneSimulator.ActiveCfg = Debug|iPhoneSimulator
		{5BAF52D0-82B5-4534-A044-742E354EBD75}.Debug|iPhoneSimulator.Build.0 = Debug|iPhoneSimulator
		{5BAF52D0-82B5-4534-A044-742E354EBD75}.Release|iPhoneSimulator.ActiveCfg = Release|iPhoneSimulator
		{5BAF52D0-82B5-4534-A044-742E354EBD75}.Release|iPhoneSimulator.Build.0 = Release|iPhoneSimulator
		{5BAF52D0-82B5-4534-A044-742E354EBD75}.Debug|iPhone.ActiveCfg = Debug|iPhone
		{5BAF52D0-82B5-4534-A044-742E354EBD75}.Debug|iPhone.Build.0 = Debug|iPhone
		{5BAF52D0-82B5-4534-A044-742E354EBD75}.Release|iPhone.ActiveCfg = Release|iPhone
		{5BAF52D0-82B5-4534-A044-742E354EBD75}.Release|iPhone.Build.0 = Release|iPhone
		{C6B5AB04-CF5F-407D-89DA-C82B05F48545}.Debug|Any CPU.ActiveCfg = Debug|Any CPU
		{C6B5AB04-CF5F-407D-89DA-C82B05F48545}.Debug|Any CPU.Build.0 = Debug|Any CPU
		{C6B5AB04-CF5F-407D-89DA-C82B05F48545}.Release|Any CPU.ActiveCfg = Release|Any CPU
		{C6B5AB04-CF5F-407D-89DA-C82B05F48545}.Release|Any CPU.Build.0 = Release|Any CPU
		{C6B5AB04-CF5F-407D-89DA-C82B05F48545}.Debug|iPhoneSimulator.ActiveCfg = Debug|Any CPU
		{C6B5AB04-CF5F-407D-89DA-C82B05F48545}.Debug|iPhoneSimulator.Build.0 = Debug|Any CPU
		{C6B5AB04-CF5F-407D-89DA-C82B05F48545}.Release|iPhoneSimulator.ActiveCfg = Release|Any CPU
		{C6B5AB04-CF5F-407D-89DA-C82B05F48545}.Release|iPhoneSimulator.Build.0 = Release|Any CPU
		{C6B5AB04-CF5F-407D-89DA-C82B05F48545}.Debug|iPhone.ActiveCfg = Debug|Any CPU
		{C6B5AB04-CF5F-407D-89DA-C82B05F48545}.Debug|iPhone.Build.0 = Debug|Any CPU
		{C6B5AB04-CF5F-407D-89DA-C82B05F48545}.Release|iPhone.ActiveCfg = Release|Any CPU
		{C6B5AB04-CF5F-407D-89DA-C82B05F48545}.Release|iPhone.Build.0 = Release|Any CPU
	EndGlobalSection
EndGlobal
